
Microsoft Visual Studio Solution File, Format Version 12.00
# Visual Studio Version 16
VisualStudioVersion = 16.0.30320.27
MinimumVisualStudioVersion = 10.0.40219.1
Project("{FAE04EC0-301F-11D3-BF4B-00C04F79EFBC}") = "DesignPattern", "DesignPattern\DesignPattern.csproj", "{B03A2D0A-DB7A-4B6D-8A4B-645D2C30B596}"
EndProject
Global
	GlobalSection(SolutionConfigurationPlatforms) = preSolution
		Debug|Any CPU = Debug|Any CPU
		Release|Any CPU = Release|Any CPU
	EndGlobalSection
	GlobalSection(ProjectConfigurationPlatforms) = postSolution
		{B03A2D0A-DB7A-4B6D-8A4B-645D2C30B596}.Debug|Any CPU.ActiveCfg = Debug|Any CPU
		{B03A2D0A-DB7A-4B6D-8A4B-645D2C30B596}.Debug|Any CPU.Build.0 = Debug|Any CPU
		{B03A2D0A-DB7A-4B6D-8A4B-645D2C30B596}.Release|Any CPU.ActiveCfg = Release|Any CPU
		{B03A2D0A-DB7A-4B6D-8A4B-645D2C30B596}.Release|Any CPU.Build.0 = Release|Any CPU
	EndGlobalSection
	GlobalSection(SolutionProperties) = preSolution
		HideSolutionNode = FALSE
	EndGlobalSection
	GlobalSection(ExtensibilityGlobals) = postSolution
		SolutionGuid = {27EAFF16-09B2-4768-ABF4-5A5323D454B5}
	EndGlobalSection
EndGlobal
